
Microsoft Visual Studio Solution File, Format Version 12.00
# Visual Studio Version 16
VisualStudioVersion = 16.0.30204.135
MinimumVisualStudioVersion = 10.0.40219.1
Project("{FAE04EC0-301F-11D3-BF4B-00C04F79EFBC}") = "DirectorySettlementsWebApi", "DirectorySettlementsWebApi\DirectorySettlementsWebApi.csproj", "{654A6A98-FC42-43A9-9018-671088A6C5F4}"
EndProject
Global
	GlobalSection(SolutionConfigurationPlatforms) = preSolution
		Debug|Any CPU = Debug|Any CPU
		Release|Any CPU = Release|Any CPU
	EndGlobalSection
	GlobalSection(ProjectConfigurationPlatforms) = postSolution
		{654A6A98-FC42-43A9-9018-671088A6C5F4}.Debug|Any CPU.ActiveCfg = Debug|Any CPU
		{654A6A98-FC42-43A9-9018-671088A6C5F4}.Debug|Any CPU.Build.0 = Debug|Any CPU
		{654A6A98-FC42-43A9-9018-671088A6C5F4}.Release|Any CPU.ActiveCfg = Release|Any CPU
		{654A6A98-FC42-43A9-9018-671088A6C5F4}.Release|Any CPU.Build.0 = Release|Any CPU
	EndGlobalSection
	GlobalSection(SolutionProperties) = preSolution
		HideSolutionNode = FALSE
	EndGlobalSection
	GlobalSection(ExtensibilityGlobals) = postSolution
		SolutionGuid = {66EBB9B9-EBB2-4814-94DB-4E2C333F7849}
	EndGlobalSection
EndGlobal
