
Microsoft Visual Studio Solution File, Format Version 12.00
# Visual Studio Version 16
VisualStudioVersion = 16.0.30204.135
MinimumVisualStudioVersion = 10.0.40219.1
Project("{9A19103F-16F7-4668-BE54-9A1E7A4F7556}") = "DirectorySettlementsWebApi", "DirectorySettlementsWebApi\DirectorySettlementsWebApi.csproj", "{654A6A98-FC42-43A9-9018-671088A6C5F4}"
EndProject
Project("{9A19103F-16F7-4668-BE54-9A1E7A4F7556}") = "DirectorySettlementsDAL", "DirectorySettlementsDAL\DirectorySettlementsDAL.csproj", "{DA0D9B0B-9BAA-474D-B5B1-F3F61622FA07}"
EndProject
Project("{9A19103F-16F7-4668-BE54-9A1E7A4F7556}") = "DirectorySettlementsDALTests", "DirectorySettlementsDALTests\DirectorySettlementsDALTests.csproj", "{CF2C8B42-D374-4250-A728-E2E27252F773}"
EndProject
Project("{FAE04EC0-301F-11D3-BF4B-00C04F79EFBC}") = "DirectorySettlementsBLL", "DirectorySettlementsBLL\DirectorySettlementsBLL.csproj", "{4DB1C0E0-EA95-4A73-91B6-07ABC82A6DA0}"
EndProject
Global
	GlobalSection(SolutionConfigurationPlatforms) = preSolution
		Debug|Any CPU = Debug|Any CPU
		Release|Any CPU = Release|Any CPU
	EndGlobalSection
	GlobalSection(ProjectConfigurationPlatforms) = postSolution
		{654A6A98-FC42-43A9-9018-671088A6C5F4}.Debug|Any CPU.ActiveCfg = Debug|Any CPU
		{654A6A98-FC42-43A9-9018-671088A6C5F4}.Debug|Any CPU.Build.0 = Debug|Any CPU
		{654A6A98-FC42-43A9-9018-671088A6C5F4}.Release|Any CPU.ActiveCfg = Release|Any CPU
		{654A6A98-FC42-43A9-9018-671088A6C5F4}.Release|Any CPU.Build.0 = Release|Any CPU
		{DA0D9B0B-9BAA-474D-B5B1-F3F61622FA07}.Debug|Any CPU.ActiveCfg = Debug|Any CPU
		{DA0D9B0B-9BAA-474D-B5B1-F3F61622FA07}.Debug|Any CPU.Build.0 = Debug|Any CPU
		{DA0D9B0B-9BAA-474D-B5B1-F3F61622FA07}.Release|Any CPU.ActiveCfg = Release|Any CPU
		{DA0D9B0B-9BAA-474D-B5B1-F3F61622FA07}.Release|Any CPU.Build.0 = Release|Any CPU
		{CF2C8B42-D374-4250-A728-E2E27252F773}.Debug|Any CPU.ActiveCfg = Debug|Any CPU
		{CF2C8B42-D374-4250-A728-E2E27252F773}.Debug|Any CPU.Build.0 = Debug|Any CPU
		{CF2C8B42-D374-4250-A728-E2E27252F773}.Release|Any CPU.ActiveCfg = Release|Any CPU
		{CF2C8B42-D374-4250-A728-E2E27252F773}.Release|Any CPU.Build.0 = Release|Any CPU
		{4DB1C0E0-EA95-4A73-91B6-07ABC82A6DA0}.Debug|Any CPU.ActiveCfg = Debug|Any CPU
		{4DB1C0E0-EA95-4A73-91B6-07ABC82A6DA0}.Debug|Any CPU.Build.0 = Debug|Any CPU
		{4DB1C0E0-EA95-4A73-91B6-07ABC82A6DA0}.Release|Any CPU.ActiveCfg = Release|Any CPU
		{4DB1C0E0-EA95-4A73-91B6-07ABC82A6DA0}.Release|Any CPU.Build.0 = Release|Any CPU
	EndGlobalSection
	GlobalSection(SolutionProperties) = preSolution
		HideSolutionNode = FALSE
	EndGlobalSection
	GlobalSection(ExtensibilityGlobals) = postSolution
		SolutionGuid = {66EBB9B9-EBB2-4814-94DB-4E2C333F7849}
	EndGlobalSection
EndGlobal
